{
  "name": "sona-design-tokens",
  "version": "1.0.0",
  "lockfileVersion": 3,
  "requires": true,
  "packages": {
    "": {
      "name": "sona-design-tokens",
      "version": "1.0.0",
      "devDependencies": {
        "sona-design-tokens": "github:TakumiHata/Sona-Docs"
      }
    },
    "node_modules/sona-design-tokens": {
      "version": "1.0.0",
      "resolved": "git+ssh://git@github.com/TakumiHata/Sona-Docs.git#1c87ec31bd90038896b6012d9113aa705dadf72c",
      "dev": true
    }
  }
}
